<?xml version="1.0" encoding="UTF-8"?>
<CodeBlocks_project_file>
	<FileVersion major="1" minor="6"/>
	<Project>
		<Option title="game-of-life"/>
		<Option makefile_is_custom="1"/>
		<Option compiler="gcc"/>
		<Option virtualFolders="CMake Files\;"/>
		<Build>
			<Target title="all">
				<Option working_dir="/Users/tong/Dropbox/ClionProject/thoughtworks/game-of-life"/>
				<Option type="4"/>
				<MakeCommands>
					<Build command="/usr/bin/make -f &quot;/Users/tong/Dropbox/ClionProject/thoughtworks/game-of-life/Makefile&quot;  VERBOSE=1 all"/>
					<CompileFile command="/usr/bin/make -f &quot;/Users/tong/Dropbox/ClionProject/thoughtworks/game-of-life/Makefile&quot;  VERBOSE=1 &quot;$file&quot;"/>
					<Clean command="/usr/bin/make -f &quot;/Users/tong/Dropbox/ClionProject/thoughtworks/game-of-life/Makefile&quot;  VERBOSE=1 clean"/>
					<DistClean command="/usr/bin/make -f &quot;/Users/tong/Dropbox/ClionProject/thoughtworks/game-of-life/Makefile&quot;  VERBOSE=1 clean"/>
				</MakeCommands>
			</Target>
			<Target title="rebuild_cache">
				<Option working_dir="/Users/tong/Dropbox/ClionProject/thoughtworks/game-of-life"/>
				<Option type="4"/>
				<MakeCommands>
					<Build command="/usr/bin/make -f &quot;/Users/tong/Dropbox/ClionProject/thoughtworks/game-of-life/Makefile&quot;  VERBOSE=1 rebuild_cache"/>
					<CompileFile command="/usr/bin/make -f &quot;/Users/tong/Dropbox/ClionProject/thoughtworks/game-of-life/Makefile&quot;  VERBOSE=1 &quot;$file&quot;"/>
					<Clean command="/usr/bin/make -f &quot;/Users/tong/Dropbox/ClionProject/thoughtworks/game-of-life/Makefile&quot;  VERBOSE=1 clean"/>
					<DistClean command="/usr/bin/make -f &quot;/Users/tong/Dropbox/ClionProject/thoughtworks/game-of-life/Makefile&quot;  VERBOSE=1 clean"/>
				</MakeCommands>
			</Target>
			<Target title="edit_cache">
				<Option working_dir="/Users/tong/Dropbox/ClionProject/thoughtworks/game-of-life"/>
				<Option type="4"/>
				<MakeCommands>
					<Build command="/usr/bin/make -f &quot;/Users/tong/Dropbox/ClionProject/thoughtworks/game-of-life/Makefile&quot;  VERBOSE=1 edit_cache"/>
					<CompileFile command="/usr/bin/make -f &quot;/Users/tong/Dropbox/ClionProject/thoughtworks/game-of-life/Makefile&quot;  VERBOSE=1 &quot;$file&quot;"/>
					<Clean command="/usr/bin/make -f &quot;/Users/tong/Dropbox/ClionProject/thoughtworks/game-of-life/Makefile&quot;  VERBOSE=1 clean"/>
					<DistClean command="/usr/bin/make -f &quot;/Users/tong/Dropbox/ClionProject/thoughtworks/game-of-life/Makefile&quot;  VERBOSE=1 clean"/>
				</MakeCommands>
			</Target>
			<Target title="test">
				<Option working_dir="/Users/tong/Dropbox/ClionProject/thoughtworks/game-of-life"/>
				<Option type="4"/>
				<MakeCommands>
					<Build command="/usr/bin/make -f &quot;/Users/tong/Dropbox/ClionProject/thoughtworks/game-of-life/Makefile&quot;  VERBOSE=1 test"/>
					<CompileFile command="/usr/bin/make -f &quot;/Users/tong/Dropbox/ClionProject/thoughtworks/game-of-life/Makefile&quot;  VERBOSE=1 &quot;$file&quot;"/>
					<Clean command="/usr/bin/make -f &quot;/Users/tong/Dropbox/ClionProject/thoughtworks/game-of-life/Makefile&quot;  VERBOSE=1 clean"/>
					<DistClean command="/usr/bin/make -f &quot;/Users/tong/Dropbox/ClionProject/thoughtworks/game-of-life/Makefile&quot;  VERBOSE=1 clean"/>
				</MakeCommands>
			</Target>
			<Target title="gol_test">
				<Option output="/Users/tong/Dropbox/ClionProject/thoughtworks/game-of-life/test/gol_test" prefix_auto="0" extension_auto="0"/>
				<Option working_dir="/Users/tong/Dropbox/ClionProject/thoughtworks/game-of-life"/>
				<Option object_output="./"/>
				<Option type="1"/>
				<Option compiler="gcc"/>
				<Compiler>
					<Add directory="/Users/tong/Dropbox/ClionProject/thoughtworks/game-of-life/include"/>
				</Compiler>
				<MakeCommands>
					<Build command="/usr/bin/make -f &quot;/Users/tong/Dropbox/ClionProject/thoughtworks/game-of-life/Makefile&quot;  VERBOSE=1 gol_test"/>
					<CompileFile command="/usr/bin/make -f &quot;/Users/tong/Dropbox/ClionProject/thoughtworks/game-of-life/Makefile&quot;  VERBOSE=1 &quot;$file&quot;"/>
					<Clean command="/usr/bin/make -f &quot;/Users/tong/Dropbox/ClionProject/thoughtworks/game-of-life/Makefile&quot;  VERBOSE=1 clean"/>
					<DistClean command="/usr/bin/make -f &quot;/Users/tong/Dropbox/ClionProject/thoughtworks/game-of-life/Makefile&quot;  VERBOSE=1 clean"/>
				</MakeCommands>
			</Target>
			<Target title="gol_test/fast">
				<Option output="/Users/tong/Dropbox/ClionProject/thoughtworks/game-of-life/test/gol_test" prefix_auto="0" extension_auto="0"/>
				<Option working_dir="/Users/tong/Dropbox/ClionProject/thoughtworks/game-of-life"/>
				<Option object_output="./"/>
				<Option type="1"/>
				<Option compiler="gcc"/>
				<Compiler>
					<Add directory="/Users/tong/Dropbox/ClionProject/thoughtworks/game-of-life/include"/>
				</Compiler>
				<MakeCommands>
					<Build command="/usr/bin/make -f &quot;/Users/tong/Dropbox/ClionProject/thoughtworks/game-of-life/Makefile&quot;  VERBOSE=1 gol_test/fast"/>
					<CompileFile command="/usr/bin/make -f &quot;/Users/tong/Dropbox/ClionProject/thoughtworks/game-of-life/Makefile&quot;  VERBOSE=1 &quot;$file&quot;"/>
					<Clean command="/usr/bin/make -f &quot;/Users/tong/Dropbox/ClionProject/thoughtworks/game-of-life/Makefile&quot;  VERBOSE=1 clean"/>
					<DistClean command="/usr/bin/make -f &quot;/Users/tong/Dropbox/ClionProject/thoughtworks/game-of-life/Makefile&quot;  VERBOSE=1 clean"/>
				</MakeCommands>
			</Target>
			<Target title="game_of_life">
				<Option output="/Users/tong/Dropbox/ClionProject/thoughtworks/game-of-life/game_of_life" prefix_auto="0" extension_auto="0"/>
				<Option working_dir="/Users/tong/Dropbox/ClionProject/thoughtworks/game-of-life"/>
				<Option object_output="./"/>
				<Option type="1"/>
				<Option compiler="gcc"/>
				<Compiler>
					<Add directory="/Users/tong/Dropbox/ClionProject/thoughtworks/game-of-life/include"/>
				</Compiler>
				<MakeCommands>
					<Build command="/usr/bin/make -f &quot;/Users/tong/Dropbox/ClionProject/thoughtworks/game-of-life/Makefile&quot;  VERBOSE=1 game_of_life"/>
					<CompileFile command="/usr/bin/make -f &quot;/Users/tong/Dropbox/ClionProject/thoughtworks/game-of-life/Makefile&quot;  VERBOSE=1 &quot;$file&quot;"/>
					<Clean command="/usr/bin/make -f &quot;/Users/tong/Dropbox/ClionProject/thoughtworks/game-of-life/Makefile&quot;  VERBOSE=1 clean"/>
					<DistClean command="/usr/bin/make -f &quot;/Users/tong/Dropbox/ClionProject/thoughtworks/game-of-life/Makefile&quot;  VERBOSE=1 clean"/>
				</MakeCommands>
			</Target>
			<Target title="game_of_life/fast">
				<Option output="/Users/tong/Dropbox/ClionProject/thoughtworks/game-of-life/game_of_life" prefix_auto="0" extension_auto="0"/>
				<Option working_dir="/Users/tong/Dropbox/ClionProject/thoughtworks/game-of-life"/>
				<Option object_output="./"/>
				<Option type="1"/>
				<Option compiler="gcc"/>
				<Compiler>
					<Add directory="/Users/tong/Dropbox/ClionProject/thoughtworks/game-of-life/include"/>
				</Compiler>
				<MakeCommands>
					<Build command="/usr/bin/make -f &quot;/Users/tong/Dropbox/ClionProject/thoughtworks/game-of-life/Makefile&quot;  VERBOSE=1 game_of_life/fast"/>
					<CompileFile command="/usr/bin/make -f &quot;/Users/tong/Dropbox/ClionProject/thoughtworks/game-of-life/Makefile&quot;  VERBOSE=1 &quot;$file&quot;"/>
					<Clean command="/usr/bin/make -f &quot;/Users/tong/Dropbox/ClionProject/thoughtworks/game-of-life/Makefile&quot;  VERBOSE=1 clean"/>
					<DistClean command="/usr/bin/make -f &quot;/Users/tong/Dropbox/ClionProject/thoughtworks/game-of-life/Makefile&quot;  VERBOSE=1 clean"/>
				</MakeCommands>
			</Target>
		</Build>
		<Unit filename="/Users/tong/Dropbox/ClionProject/thoughtworks/game-of-life/src/DataTransfer.cpp">
			<Option target="gol_test"/>
			<Option target="game_of_life"/>
		</Unit>
		<Unit filename="/Users/tong/Dropbox/ClionProject/thoughtworks/game-of-life/src/GameOfLife.cpp">
			<Option target="gol_test"/>
			<Option target="game_of_life"/>
		</Unit>
		<Unit filename="/Users/tong/Dropbox/ClionProject/thoughtworks/game-of-life/src/gol_main.cpp">
			<Option target="game_of_life"/>
		</Unit>
		<Unit filename="/Users/tong/Dropbox/ClionProject/thoughtworks/game-of-life/test/TestRunner.cpp">
			<Option target="gol_test"/>
		</Unit>
		<Unit filename="/Users/tong/Dropbox/ClionProject/thoughtworks/game-of-life/test/test.cpp">
			<Option target="gol_test"/>
		</Unit>
		<Unit filename="/Users/tong/Dropbox/ClionProject/thoughtworks/game-of-life/CMakeLists.txt">
			<Option virtualFolder="CMake Files\"/>
		</Unit>
	</Project>
</CodeBlocks_project_file>
